
Microsoft Visual Studio Solution File, Format Version 12.00
# Visual Studio Version 16
VisualStudioVersion = 16.0.29318.209
MinimumVisualStudioVersion = 10.0.40219.1
Project("{FAE04EC0-301F-11D3-BF4B-00C04F79EFBC}") = "fluxpoint-sharp", "fluxpoint-sharp\fluxpoint-sharp.csproj", "{AF9AFC68-5D65-4293-BFF6-9DE365834C48}"
EndProject
Global
	GlobalSection(SolutionConfigurationPlatforms) = preSolution
		Debug|Any CPU = Debug|Any CPU
		Release|Any CPU = Release|Any CPU
	EndGlobalSection
	GlobalSection(ProjectConfigurationPlatforms) = postSolution
		{AF9AFC68-5D65-4293-BFF6-9DE365834C48}.Debug|Any CPU.ActiveCfg = Debug|Any CPU
		{AF9AFC68-5D65-4293-BFF6-9DE365834C48}.Debug|Any CPU.Build.0 = Debug|Any CPU
		{AF9AFC68-5D65-4293-BFF6-9DE365834C48}.Release|Any CPU.ActiveCfg = Release|Any CPU
		{AF9AFC68-5D65-4293-BFF6-9DE365834C48}.Release|Any CPU.Build.0 = Release|Any CPU
	EndGlobalSection
	GlobalSection(SolutionProperties) = preSolution
		HideSolutionNode = FALSE
	EndGlobalSection
	GlobalSection(ExtensibilityGlobals) = postSolution
		SolutionGuid = {FC6F252B-C24F-4029-AB53-95A24CA367C2}
	EndGlobalSection
EndGlobal
